
Microsoft Visual Studio Solution File, Format Version 12.00
# Visual Studio Version 16
VisualStudioVersion = 16.0.30225.117
MinimumVisualStudioVersion = 10.0.40219.1
Project("{FAE04EC0-301F-11D3-BF4B-00C04F79EFBC}") = "MyMagicConfig", "MyMagicConfig\MyMagicConfig.csproj", "{02F414C0-CD0E-485E-B60C-83B967D16A27}"
EndProject
Global
	GlobalSection(SolutionConfigurationPlatforms) = preSolution
		Debug|Any CPU = Debug|Any CPU
		Release|Any CPU = Release|Any CPU
	EndGlobalSection
	GlobalSection(ProjectConfigurationPlatforms) = postSolution
		{02F414C0-CD0E-485E-B60C-83B967D16A27}.Debug|Any CPU.ActiveCfg = Debug|Any CPU
		{02F414C0-CD0E-485E-B60C-83B967D16A27}.Debug|Any CPU.Build.0 = Debug|Any CPU
		{02F414C0-CD0E-485E-B60C-83B967D16A27}.Release|Any CPU.ActiveCfg = Release|Any CPU
		{02F414C0-CD0E-485E-B60C-83B967D16A27}.Release|Any CPU.Build.0 = Release|Any CPU
	EndGlobalSection
	GlobalSection(SolutionProperties) = preSolution
		HideSolutionNode = FALSE
	EndGlobalSection
	GlobalSection(ExtensibilityGlobals) = postSolution
		SolutionGuid = {44E524F7-0C44-430D-8D83-4ACB2F61D4FF}
	EndGlobalSection
EndGlobal
